
Microsoft Visual Studio Solution File, Format Version 12.00
# Visual Studio Version 17
VisualStudioVersion = 17.3.32922.545
MinimumVisualStudioVersion = 10.0.40219.1
Project("{FAE04EC0-301F-11D3-BF4B-00C04F79EFBC}") = "TinyCalculator", "TinyCalculator\TinyCalculator.csproj", "{2A111EAB-BEE2-4B27-A655-2AA426F470B2}"
EndProject
Project("{FAE04EC0-301F-11D3-BF4B-00C04F79EFBC}") = "TinyCalculatorTest", "TinyCalculatorTest\TinyCalculatorTest.csproj", "{A4FC78C3-503D-4ACE-882C-81E380BCC9CB}"
EndProject
Global
	GlobalSection(SolutionConfigurationPlatforms) = preSolution
		Debug|Any CPU = Debug|Any CPU
		Release|Any CPU = Release|Any CPU
	EndGlobalSection
	GlobalSection(ProjectConfigurationPlatforms) = postSolution
		{2A111EAB-BEE2-4B27-A655-2AA426F470B2}.Debug|Any CPU.ActiveCfg = Debug|Any CPU
		{2A111EAB-BEE2-4B27-A655-2AA426F470B2}.Debug|Any CPU.Build.0 = Debug|Any CPU
		{2A111EAB-BEE2-4B27-A655-2AA426F470B2}.Release|Any CPU.ActiveCfg = Release|Any CPU
		{2A111EAB-BEE2-4B27-A655-2AA426F470B2}.Release|Any CPU.Build.0 = Release|Any CPU
		{A4FC78C3-503D-4ACE-882C-81E380BCC9CB}.Debug|Any CPU.ActiveCfg = Debug|Any CPU
		{A4FC78C3-503D-4ACE-882C-81E380BCC9CB}.Debug|Any CPU.Build.0 = Debug|Any CPU
		{A4FC78C3-503D-4ACE-882C-81E380BCC9CB}.Release|Any CPU.ActiveCfg = Release|Any CPU
		{A4FC78C3-503D-4ACE-882C-81E380BCC9CB}.Release|Any CPU.Build.0 = Release|Any CPU
	EndGlobalSection
	GlobalSection(SolutionProperties) = preSolution
		HideSolutionNode = FALSE
	EndGlobalSection
	GlobalSection(ExtensibilityGlobals) = postSolution
		SolutionGuid = {4BB88126-DE6C-4492-A1E4-3140F06DAC78}
	EndGlobalSection
EndGlobal
